
Microsoft Visual Studio Solution File, Format Version 12.00
# Visual Studio Version 16
VisualStudioVersion = 16.0.31025.194
MinimumVisualStudioVersion = 10.0.40219.1
Project("{FAE04EC0-301F-11D3-BF4B-00C04F79EFBC}") = "WindowsLockscreenImageCrawler", "WindowsLockscreenImageCrawler\WindowsLockscreenImageCrawler.csproj", "{28AE0A65-41BA-40EA-8141-BEF3DB802EC2}"
EndProject
Global
	GlobalSection(SolutionConfigurationPlatforms) = preSolution
		Debug|Any CPU = Debug|Any CPU
		Release|Any CPU = Release|Any CPU
	EndGlobalSection
	GlobalSection(ProjectConfigurationPlatforms) = postSolution
		{28AE0A65-41BA-40EA-8141-BEF3DB802EC2}.Debug|Any CPU.ActiveCfg = Debug|Any CPU
		{28AE0A65-41BA-40EA-8141-BEF3DB802EC2}.Debug|Any CPU.Build.0 = Debug|Any CPU
		{28AE0A65-41BA-40EA-8141-BEF3DB802EC2}.Release|Any CPU.ActiveCfg = Release|Any CPU
		{28AE0A65-41BA-40EA-8141-BEF3DB802EC2}.Release|Any CPU.Build.0 = Release|Any CPU
	EndGlobalSection
	GlobalSection(SolutionProperties) = preSolution
		HideSolutionNode = FALSE
	EndGlobalSection
	GlobalSection(ExtensibilityGlobals) = postSolution
		SolutionGuid = {1DE99CF7-A6EB-49EC-87A9-7F8B797631D4}
	EndGlobalSection
EndGlobal
